
Microsoft Visual Studio Solution File, Format Version 12.00
# Visual Studio Version 17
VisualStudioVersion = 17.0.31903.59
MinimumVisualStudioVersion = 10.0.40219.1
Project("{2150E333-8FDC-42A3-9474-1A3956D46DE8}") = "src", "src", "{827E0CD3-B72D-47B6-A68D-7590B98EB39B}"
EndProject
Project("{2150E333-8FDC-42A3-9474-1A3956D46DE8}") = "Services", "Services", "{984BB9B3-3FA3-BE33-9484-CAC21695A33C}"
EndProject
Project("{FAE04EC0-301F-11D3-BF4B-00C04F79EFBC}") = "UsersService", "src\Services\UsersService\UsersService.csproj", "{41F5340E-7549-455C-8FE7-A690C3713FB6}"
EndProject
Project("{FAE04EC0-301F-11D3-BF4B-00C04F79EFBC}") = "ProductsService", "src\Services\ProductsService\ProductsService.csproj", "{6151AA43-C082-4D09-96D0-F9E1CDE0D2CB}"
EndProject
Project("{FAE04EC0-301F-11D3-BF4B-00C04F79EFBC}") = "FilesService", "src\Services\FilesService\FilesService.csproj", "{974A27E4-CCB1-4014-A129-44026DE63273}"
EndProject
Project("{FAE04EC0-301F-11D3-BF4B-00C04F79EFBC}") = "OrdersServiceNet", "src\Services\OrdersServiceNet\OrdersServiceNet.csproj", "{7684ED99-8A8A-4727-A729-6233FA123AFE}"
EndProject
Project("{FAE04EC0-301F-11D3-BF4B-00C04F79EFBC}") = "NotificationsService", "src\Services\NotificationsService\NotificationsService.csproj", "{9E8CDE71-227B-456E-A93E-D21B6C7DCB19}"
EndProject
Project("{FAE04EC0-301F-11D3-BF4B-00C04F79EFBC}") = "ChatService", "src\Services\ChatService\ChatService.csproj", "{FFA42154-ACB0-47A5-963F-552AE0245311}"
EndProject
Project("{FAE04EC0-301F-11D3-BF4B-00C04F79EFBC}") = "ContentService", "src\Services\ContentService\ContentService.csproj", "{50898021-5550-4312-9CEC-1B7541F4AAAE}"
EndProject
Project("{FAE04EC0-301F-11D3-BF4B-00C04F79EFBC}") = "ApiGateway", "src\ApiGateway\ApiGateway.csproj", "{C92DC62E-A6E7-4D9E-8824-A91AFCD71EDF}"
EndProject
Project("{FAE04EC0-301F-11D3-BF4B-00C04F79EFBC}") = "Marketplace.Authentication", "src\Shared\Marketplace.Authentication\Marketplace.Authentication.csproj", "{A6A03132-CF62-4112-B1A6-6ED7B784795D}"
EndProject
Project("{FAE04EC0-301F-11D3-BF4B-00C04F79EFBC}") = "Marketplace.Contracts", "src\Shared\Marketplace.Contracts\Marketplace.Contracts.csproj", "{3E919306-2D61-4901-862B-82552807A04B}"
EndProject
Global
	GlobalSection(SolutionConfigurationPlatforms) = preSolution
		Debug|Any CPU = Debug|Any CPU
		Debug|x64 = Debug|x64
		Debug|x86 = Debug|x86
		Release|Any CPU = Release|Any CPU
		Release|x64 = Release|x64
		Release|x86 = Release|x86
	EndGlobalSection
	GlobalSection(ProjectConfigurationPlatforms) = postSolution
		{41F5340E-7549-455C-8FE7-A690C3713FB6}.Debug|Any CPU.ActiveCfg = Debug|Any CPU
		{41F5340E-7549-455C-8FE7-A690C3713FB6}.Debug|Any CPU.Build.0 = Debug|Any CPU
		{41F5340E-7549-455C-8FE7-A690C3713FB6}.Debug|x64.ActiveCfg = Debug|Any CPU
		{41F5340E-7549-455C-8FE7-A690C3713FB6}.Debug|x64.Build.0 = Debug|Any CPU
		{41F5340E-7549-455C-8FE7-A690C3713FB6}.Debug|x86.ActiveCfg = Debug|Any CPU
		{41F5340E-7549-455C-8FE7-A690C3713FB6}.Debug|x86.Build.0 = Debug|Any CPU
		{41F5340E-7549-455C-8FE7-A690C3713FB6}.Release|Any CPU.ActiveCfg = Release|Any CPU
		{41F5340E-7549-455C-8FE7-A690C3713FB6}.Release|Any CPU.Build.0 = Release|Any CPU
		{41F5340E-7549-455C-8FE7-A690C3713FB6}.Release|x64.ActiveCfg = Release|Any CPU
		{41F5340E-7549-455C-8FE7-A690C3713FB6}.Release|x64.Build.0 = Release|Any CPU
		{41F5340E-7549-455C-8FE7-A690C3713FB6}.Release|x86.ActiveCfg = Release|Any CPU
		{41F5340E-7549-455C-8FE7-A690C3713FB6}.Release|x86.Build.0 = Release|Any CPU
		{6151AA43-C082-4D09-96D0-F9E1CDE0D2CB}.Debug|Any CPU.ActiveCfg = Debug|Any CPU
		{6151AA43-C082-4D09-96D0-F9E1CDE0D2CB}.Debug|Any CPU.Build.0 = Debug|Any CPU
		{6151AA43-C082-4D09-96D0-F9E1CDE0D2CB}.Debug|x64.ActiveCfg = Debug|Any CPU
		{6151AA43-C082-4D09-96D0-F9E1CDE0D2CB}.Debug|x64.Build.0 = Debug|Any CPU
		{6151AA43-C082-4D09-96D0-F9E1CDE0D2CB}.Debug|x86.ActiveCfg = Debug|Any CPU
		{6151AA43-C082-4D09-96D0-F9E1CDE0D2CB}.Debug|x86.Build.0 = Debug|Any CPU
		{6151AA43-C082-4D09-96D0-F9E1CDE0D2CB}.Release|Any CPU.ActiveCfg = Release|Any CPU
		{6151AA43-C082-4D09-96D0-F9E1CDE0D2CB}.Release|Any CPU.Build.0 = Release|Any CPU
		{6151AA43-C082-4D09-96D0-F9E1CDE0D2CB}.Release|x64.ActiveCfg = Release|Any CPU
		{6151AA43-C082-4D09-96D0-F9E1CDE0D2CB}.Release|x64.Build.0 = Release|Any CPU
		{6151AA43-C082-4D09-96D0-F9E1CDE0D2CB}.Release|x86.ActiveCfg = Release|Any CPU
		{6151AA43-C082-4D09-96D0-F9E1CDE0D2CB}.Release|x86.Build.0 = Release|Any CPU
		{974A27E4-CCB1-4014-A129-44026DE63273}.Debug|Any CPU.ActiveCfg = Debug|Any CPU
		{974A27E4-CCB1-4014-A129-44026DE63273}.Debug|Any CPU.Build.0 = Debug|Any CPU
		{974A27E4-CCB1-4014-A129-44026DE63273}.Debug|x64.ActiveCfg = Debug|Any CPU
		{974A27E4-CCB1-4014-A129-44026DE63273}.Debug|x64.Build.0 = Debug|Any CPU
		{974A27E4-CCB1-4014-A129-44026DE63273}.Debug|x86.ActiveCfg = Debug|Any CPU
		{974A27E4-CCB1-4014-A129-44026DE63273}.Debug|x86.Build.0 = Debug|Any CPU
		{974A27E4-CCB1-4014-A129-44026DE63273}.Release|Any CPU.ActiveCfg = Release|Any CPU
		{974A27E4-CCB1-4014-A129-44026DE63273}.Release|Any CPU.Build.0 = Release|Any CPU
		{974A27E4-CCB1-4014-A129-44026DE63273}.Release|x64.ActiveCfg = Release|Any CPU
		{974A27E4-CCB1-4014-A129-44026DE63273}.Release|x64.Build.0 = Release|Any CPU
		{974A27E4-CCB1-4014-A129-44026DE63273}.Release|x86.ActiveCfg = Release|Any CPU
		{974A27E4-CCB1-4014-A129-44026DE63273}.Release|x86.Build.0 = Release|Any CPU
		{7684ED99-8A8A-4727-A729-6233FA123AFE}.Debug|Any CPU.ActiveCfg = Debug|Any CPU
		{7684ED99-8A8A-4727-A729-6233FA123AFE}.Debug|Any CPU.Build.0 = Debug|Any CPU
		{7684ED99-8A8A-4727-A729-6233FA123AFE}.Debug|x64.ActiveCfg = Debug|Any CPU
		{7684ED99-8A8A-4727-A729-6233FA123AFE}.Debug|x64.Build.0 = Debug|Any CPU
		{7684ED99-8A8A-4727-A729-6233FA123AFE}.Debug|x86.ActiveCfg = Debug|Any CPU
		{7684ED99-8A8A-4727-A729-6233FA123AFE}.Debug|x86.Build.0 = Debug|Any CPU
		{7684ED99-8A8A-4727-A729-6233FA123AFE}.Release|Any CPU.ActiveCfg = Release|Any CPU
		{7684ED99-8A8A-4727-A729-6233FA123AFE}.Release|Any CPU.Build.0 = Release|Any CPU
		{7684ED99-8A8A-4727-A729-6233FA123AFE}.Release|x64.ActiveCfg = Release|Any CPU
		{7684ED99-8A8A-4727-A729-6233FA123AFE}.Release|x64.Build.0 = Release|Any CPU
		{7684ED99-8A8A-4727-A729-6233FA123AFE}.Release|x86.ActiveCfg = Release|Any CPU
		{7684ED99-8A8A-4727-A729-6233FA123AFE}.Release|x86.Build.0 = Release|Any CPU
		{9E8CDE71-227B-456E-A93E-D21B6C7DCB19}.Debug|Any CPU.ActiveCfg = Debug|Any CPU
		{9E8CDE71-227B-456E-A93E-D21B6C7DCB19}.Debug|Any CPU.Build.0 = Debug|Any CPU
		{9E8CDE71-227B-456E-A93E-D21B6C7DCB19}.Debug|x64.ActiveCfg = Debug|Any CPU
		{9E8CDE71-227B-456E-A93E-D21B6C7DCB19}.Debug|x64.Build.0 = Debug|Any CPU
		{9E8CDE71-227B-456E-A93E-D21B6C7DCB19}.Debug|x86.ActiveCfg = Debug|Any CPU
		{9E8CDE71-227B-456E-A93E-D21B6C7DCB19}.Debug|x86.Build.0 = Debug|Any CPU
		{9E8CDE71-227B-456E-A93E-D21B6C7DCB19}.Release|Any CPU.ActiveCfg = Release|Any CPU
		{9E8CDE71-227B-456E-A93E-D21B6C7DCB19}.Release|Any CPU.Build.0 = Release|Any CPU
		{9E8CDE71-227B-456E-A93E-D21B6C7DCB19}.Release|x64.ActiveCfg = Release|Any CPU
		{9E8CDE71-227B-456E-A93E-D21B6C7DCB19}.Release|x64.Build.0 = Release|Any CPU
		{9E8CDE71-227B-456E-A93E-D21B6C7DCB19}.Release|x86.ActiveCfg = Release|Any CPU
		{9E8CDE71-227B-456E-A93E-D21B6C7DCB19}.Release|x86.Build.0 = Release|Any CPU
		{FFA42154-ACB0-47A5-963F-552AE0245311}.Debug|Any CPU.ActiveCfg = Debug|Any CPU
		{FFA42154-ACB0-47A5-963F-552AE0245311}.Debug|Any CPU.Build.0 = Debug|Any CPU
		{FFA42154-ACB0-47A5-963F-552AE0245311}.Debug|x64.ActiveCfg = Debug|Any CPU
		{FFA42154-ACB0-47A5-963F-552AE0245311}.Debug|x64.Build.0 = Debug|Any CPU
		{FFA42154-ACB0-47A5-963F-552AE0245311}.Debug|x86.ActiveCfg = Debug|Any CPU
		{FFA42154-ACB0-47A5-963F-552AE0245311}.Debug|x86.Build.0 = Debug|Any CPU
		{FFA42154-ACB0-47A5-963F-552AE0245311}.Release|Any CPU.ActiveCfg = Release|Any CPU
		{FFA42154-ACB0-47A5-963F-552AE0245311}.Release|Any CPU.Build.0 = Release|Any CPU
		{FFA42154-ACB0-47A5-963F-552AE0245311}.Release|x64.ActiveCfg = Release|Any CPU
		{FFA42154-ACB0-47A5-963F-552AE0245311}.Release|x64.Build.0 = Release|Any CPU
		{FFA42154-ACB0-47A5-963F-552AE0245311}.Release|x86.ActiveCfg = Release|Any CPU
		{FFA42154-ACB0-47A5-963F-552AE0245311}.Release|x86.Build.0 = Release|Any CPU
		{50898021-5550-4312-9CEC-1B7541F4AAAE}.Debug|Any CPU.ActiveCfg = Debug|Any CPU
		{50898021-5550-4312-9CEC-1B7541F4AAAE}.Debug|Any CPU.Build.0 = Debug|Any CPU
		{50898021-5550-4312-9CEC-1B7541F4AAAE}.Debug|x64.ActiveCfg = Debug|Any CPU
		{50898021-5550-4312-9CEC-1B7541F4AAAE}.Debug|x64.Build.0 = Debug|Any CPU
		{50898021-5550-4312-9CEC-1B7541F4AAAE}.Debug|x86.ActiveCfg = Debug|Any CPU
		{50898021-5550-4312-9CEC-1B7541F4AAAE}.Debug|x86.Build.0 = Debug|Any CPU
		{50898021-5550-4312-9CEC-1B7541F4AAAE}.Release|Any CPU.ActiveCfg = Release|Any CPU
		{50898021-5550-4312-9CEC-1B7541F4AAAE}.Release|Any CPU.Build.0 = Release|Any CPU
		{50898021-5550-4312-9CEC-1B7541F4AAAE}.Release|x64.ActiveCfg = Release|Any CPU
		{50898021-5550-4312-9CEC-1B7541F4AAAE}.Release|x64.Build.0 = Release|Any CPU
		{50898021-5550-4312-9CEC-1B7541F4AAAE}.Release|x86.ActiveCfg = Release|Any CPU
		{50898021-5550-4312-9CEC-1B7541F4AAAE}.Release|x86.Build.0 = Release|Any CPU
		{C92DC62E-A6E7-4D9E-8824-A91AFCD71EDF}.Debug|Any CPU.ActiveCfg = Debug|Any CPU
		{C92DC62E-A6E7-4D9E-8824-A91AFCD71EDF}.Debug|Any CPU.Build.0 = Debug|Any CPU
		{C92DC62E-A6E7-4D9E-8824-A91AFCD71EDF}.Debug|x64.ActiveCfg = Debug|Any CPU
		{C92DC62E-A6E7-4D9E-8824-A91AFCD71EDF}.Debug|x64.Build.0 = Debug|Any CPU
		{C92DC62E-A6E7-4D9E-8824-A91AFCD71EDF}.Debug|x86.ActiveCfg = Debug|Any CPU
		{C92DC62E-A6E7-4D9E-8824-A91AFCD71EDF}.Debug|x86.Build.0 = Debug|Any CPU
		{C92DC62E-A6E7-4D9E-8824-A91AFCD71EDF}.Release|Any CPU.ActiveCfg = Release|Any CPU
		{C92DC62E-A6E7-4D9E-8824-A91AFCD71EDF}.Release|Any CPU.Build.0 = Release|Any CPU
		{C92DC62E-A6E7-4D9E-8824-A91AFCD71EDF}.Release|x64.ActiveCfg = Release|Any CPU
		{C92DC62E-A6E7-4D9E-8824-A91AFCD71EDF}.Release|x64.Build.0 = Release|Any CPU
		{C92DC62E-A6E7-4D9E-8824-A91AFCD71EDF}.Release|x86.ActiveCfg = Release|Any CPU
		{C92DC62E-A6E7-4D9E-8824-A91AFCD71EDF}.Release|x86.Build.0 = Release|Any CPU
		{A6A03132-CF62-4112-B1A6-6ED7B784795D}.Debug|Any CPU.ActiveCfg = Debug|Any CPU
		{A6A03132-CF62-4112-B1A6-6ED7B784795D}.Debug|Any CPU.Build.0 = Debug|Any CPU
		{A6A03132-CF62-4112-B1A6-6ED7B784795D}.Debug|x64.ActiveCfg = Debug|Any CPU
		{A6A03132-CF62-4112-B1A6-6ED7B784795D}.Debug|x64.Build.0 = Debug|Any CPU
		{A6A03132-CF62-4112-B1A6-6ED7B784795D}.Debug|x86.ActiveCfg = Debug|Any CPU
		{A6A03132-CF62-4112-B1A6-6ED7B784795D}.Debug|x86.Build.0 = Debug|Any CPU
		{A6A03132-CF62-4112-B1A6-6ED7B784795D}.Release|Any CPU.ActiveCfg = Release|Any CPU
		{A6A03132-CF62-4112-B1A6-6ED7B784795D}.Release|Any CPU.Build.0 = Release|Any CPU
		{A6A03132-CF62-4112-B1A6-6ED7B784795D}.Release|x64.ActiveCfg = Release|Any CPU
		{A6A03132-CF62-4112-B1A6-6ED7B784795D}.Release|x64.Build.0 = Release|Any CPU
		{A6A03132-CF62-4112-B1A6-6ED7B784795D}.Release|x86.ActiveCfg = Release|Any CPU
		{A6A03132-CF62-4112-B1A6-6ED7B784795D}.Release|x86.Build.0 = Release|Any CPU
		{3E919306-2D61-4901-862B-82552807A04B}.Debug|Any CPU.ActiveCfg = Debug|Any CPU
		{3E919306-2D61-4901-862B-82552807A04B}.Debug|Any CPU.Build.0 = Debug|Any CPU
		{3E919306-2D61-4901-862B-82552807A04B}.Debug|x64.ActiveCfg = Debug|Any CPU
		{3E919306-2D61-4901-862B-82552807A04B}.Debug|x64.Build.0 = Debug|Any CPU
		{3E919306-2D61-4901-862B-82552807A04B}.Debug|x86.ActiveCfg = Debug|Any CPU
		{3E919306-2D61-4901-862B-82552807A04B}.Debug|x86.Build.0 = Debug|Any CPU
		{3E919306-2D61-4901-862B-82552807A04B}.Release|Any CPU.ActiveCfg = Release|Any CPU
		{3E919306-2D61-4901-862B-82552807A04B}.Release|Any CPU.Build.0 = Release|Any CPU
		{3E919306-2D61-4901-862B-82552807A04B}.Release|x64.ActiveCfg = Release|Any CPU
		{3E919306-2D61-4901-862B-82552807A04B}.Release|x64.Build.0 = Release|Any CPU
		{3E919306-2D61-4901-862B-82552807A04B}.Release|x86.ActiveCfg = Release|Any CPU
		{3E919306-2D61-4901-862B-82552807A04B}.Release|x86.Build.0 = Release|Any CPU
	EndGlobalSection
	GlobalSection(SolutionProperties) = preSolution
		HideSolutionNode = FALSE
	EndGlobalSection
	GlobalSection(NestedProjects) = preSolution
		{984BB9B3-3FA3-BE33-9484-CAC21695A33C} = {827E0CD3-B72D-47B6-A68D-7590B98EB39B}
		{41F5340E-7549-455C-8FE7-A690C3713FB6} = {984BB9B3-3FA3-BE33-9484-CAC21695A33C}
		{6151AA43-C082-4D09-96D0-F9E1CDE0D2CB} = {984BB9B3-3FA3-BE33-9484-CAC21695A33C}
		{974A27E4-CCB1-4014-A129-44026DE63273} = {984BB9B3-3FA3-BE33-9484-CAC21695A33C}
		{7684ED99-8A8A-4727-A729-6233FA123AFE} = {984BB9B3-3FA3-BE33-9484-CAC21695A33C}
		{9E8CDE71-227B-456E-A93E-D21B6C7DCB19} = {984BB9B3-3FA3-BE33-9484-CAC21695A33C}
		{FFA42154-ACB0-47A5-963F-552AE0245311} = {984BB9B3-3FA3-BE33-9484-CAC21695A33C}
		{50898021-5550-4312-9CEC-1B7541F4AAAE} = {984BB9B3-3FA3-BE33-9484-CAC21695A33C}
		{C92DC62E-A6E7-4D9E-8824-A91AFCD71EDF} = {984BB9B3-3FA3-BE33-9484-CAC21695A33C}
		{A6A03132-CF62-4112-B1A6-6ED7B784795D} = {984BB9B3-3FA3-BE33-9484-CAC21695A33C}
		{3E919306-2D61-4901-862B-82552807A04B} = {984BB9B3-3FA3-BE33-9484-CAC21695A33C}
	EndGlobalSection
EndGlobal
