
Microsoft Visual Studio Solution File, Format Version 12.00
# Visual Studio Version 17
VisualStudioVersion = 17.0.31903.59
MinimumVisualStudioVersion = 10.0.40219.1
Project("{2150E333-8FDC-42A3-9474-1A3956D46DE8}") = "src", "src", "{827E0CD3-B72D-47B6-A68D-7590B98EB39B}"
EndProject
Project("{2150E333-8FDC-42A3-9474-1A3956D46DE8}") = "Services", "Services", "{984BB9B3-3FA3-BE33-9484-CAC21695A33C}"
EndProject
Project("{FAE04EC0-301F-11D3-BF4B-00C04F79EFBC}") = "UsersService", "src\Services\UsersService\UsersService.csproj", "{4C19D3A8-B35E-4EBA-9E00-AFFAB879393B}"
EndProject
Project("{FAE04EC0-301F-11D3-BF4B-00C04F79EFBC}") = "OrdersService", "src\Services\OrdersService\OrdersService.csproj", "{CFE657CE-A74F-4808-9A67-9615549BBCF3}"
EndProject
Project("{FAE04EC0-301F-11D3-BF4B-00C04F79EFBC}") = "ProductsService", "src\Services\ProductsService\ProductsService.csproj", "{02BC7905-811C-478C-B722-6C28141DCAE9}"
EndProject
Project("{FAE04EC0-301F-11D3-BF4B-00C04F79EFBC}") = "ApiGateway", "src\ApiGateway\ApiGateway.csproj", "{7AB4E10E-E706-4D7D-B96D-8C463D00FDF6}"
EndProject
Project("{2150E333-8FDC-42A3-9474-1A3956D46DE8}") = "Shared", "Shared", "{C8E42992-5E42-0C2B-DBFE-AA848D06431C}"
EndProject
Project("{2150E333-8FDC-42A3-9474-1A3956D46DE8}") = "Contracts", "Contracts", "{7DA348B5-9681-7436-A640-3B972169BAFB}"
EndProject
Project("{FAE04EC0-301F-11D3-BF4B-00C04F79EFBC}") = "Shared.Contracts", "src\Shared\Contracts\Shared.Contracts.csproj", "{A4988A43-37B0-48CB-97A7-0DC92D3886A6}"
EndProject
Project("{2150E333-8FDC-42A3-9474-1A3956D46DE8}") = "Infrastructure", "Infrastructure", "{4695FFD0-0F29-CFDF-AB1D-8C675D9BAEFE}"
EndProject
Project("{FAE04EC0-301F-11D3-BF4B-00C04F79EFBC}") = "Shared.Infrastructure", "src\Shared\Infrastructure\Shared.Infrastructure.csproj", "{919F71DA-BC0A-4230-819E-587FEF934ECD}"
EndProject
Project("{FAE04EC0-301F-11D3-BF4B-00C04F79EFBC}") = "FilesService", "src\Services\FilesService\FilesService.csproj", "{B4BA6298-62AD-441B-B775-D1F020A2725E}"
EndProject
Global
	GlobalSection(SolutionConfigurationPlatforms) = preSolution
		Debug|Any CPU = Debug|Any CPU
		Debug|x64 = Debug|x64
		Debug|x86 = Debug|x86
		Release|Any CPU = Release|Any CPU
		Release|x64 = Release|x64
		Release|x86 = Release|x86
	EndGlobalSection
	GlobalSection(ProjectConfigurationPlatforms) = postSolution
		{4C19D3A8-B35E-4EBA-9E00-AFFAB879393B}.Debug|Any CPU.ActiveCfg = Debug|Any CPU
		{4C19D3A8-B35E-4EBA-9E00-AFFAB879393B}.Debug|Any CPU.Build.0 = Debug|Any CPU
		{4C19D3A8-B35E-4EBA-9E00-AFFAB879393B}.Debug|x64.ActiveCfg = Debug|Any CPU
		{4C19D3A8-B35E-4EBA-9E00-AFFAB879393B}.Debug|x64.Build.0 = Debug|Any CPU
		{4C19D3A8-B35E-4EBA-9E00-AFFAB879393B}.Debug|x86.ActiveCfg = Debug|Any CPU
		{4C19D3A8-B35E-4EBA-9E00-AFFAB879393B}.Debug|x86.Build.0 = Debug|Any CPU
		{4C19D3A8-B35E-4EBA-9E00-AFFAB879393B}.Release|Any CPU.ActiveCfg = Release|Any CPU
		{4C19D3A8-B35E-4EBA-9E00-AFFAB879393B}.Release|Any CPU.Build.0 = Release|Any CPU
		{4C19D3A8-B35E-4EBA-9E00-AFFAB879393B}.Release|x64.ActiveCfg = Release|Any CPU
		{4C19D3A8-B35E-4EBA-9E00-AFFAB879393B}.Release|x64.Build.0 = Release|Any CPU
		{4C19D3A8-B35E-4EBA-9E00-AFFAB879393B}.Release|x86.ActiveCfg = Release|Any CPU
		{4C19D3A8-B35E-4EBA-9E00-AFFAB879393B}.Release|x86.Build.0 = Release|Any CPU
		{CFE657CE-A74F-4808-9A67-9615549BBCF3}.Debug|Any CPU.ActiveCfg = Debug|Any CPU
		{CFE657CE-A74F-4808-9A67-9615549BBCF3}.Debug|Any CPU.Build.0 = Debug|Any CPU
		{CFE657CE-A74F-4808-9A67-9615549BBCF3}.Debug|x64.ActiveCfg = Debug|Any CPU
		{CFE657CE-A74F-4808-9A67-9615549BBCF3}.Debug|x64.Build.0 = Debug|Any CPU
		{CFE657CE-A74F-4808-9A67-9615549BBCF3}.Debug|x86.ActiveCfg = Debug|Any CPU
		{CFE657CE-A74F-4808-9A67-9615549BBCF3}.Debug|x86.Build.0 = Debug|Any CPU
		{CFE657CE-A74F-4808-9A67-9615549BBCF3}.Release|Any CPU.ActiveCfg = Release|Any CPU
		{CFE657CE-A74F-4808-9A67-9615549BBCF3}.Release|Any CPU.Build.0 = Release|Any CPU
		{CFE657CE-A74F-4808-9A67-9615549BBCF3}.Release|x64.ActiveCfg = Release|Any CPU
		{CFE657CE-A74F-4808-9A67-9615549BBCF3}.Release|x64.Build.0 = Release|Any CPU
		{CFE657CE-A74F-4808-9A67-9615549BBCF3}.Release|x86.ActiveCfg = Release|Any CPU
		{CFE657CE-A74F-4808-9A67-9615549BBCF3}.Release|x86.Build.0 = Release|Any CPU
		{02BC7905-811C-478C-B722-6C28141DCAE9}.Debug|Any CPU.ActiveCfg = Debug|Any CPU
		{02BC7905-811C-478C-B722-6C28141DCAE9}.Debug|Any CPU.Build.0 = Debug|Any CPU
		{02BC7905-811C-478C-B722-6C28141DCAE9}.Debug|x64.ActiveCfg = Debug|Any CPU
		{02BC7905-811C-478C-B722-6C28141DCAE9}.Debug|x64.Build.0 = Debug|Any CPU
		{02BC7905-811C-478C-B722-6C28141DCAE9}.Debug|x86.ActiveCfg = Debug|Any CPU
		{02BC7905-811C-478C-B722-6C28141DCAE9}.Debug|x86.Build.0 = Debug|Any CPU
		{02BC7905-811C-478C-B722-6C28141DCAE9}.Release|Any CPU.ActiveCfg = Release|Any CPU
		{02BC7905-811C-478C-B722-6C28141DCAE9}.Release|Any CPU.Build.0 = Release|Any CPU
		{02BC7905-811C-478C-B722-6C28141DCAE9}.Release|x64.ActiveCfg = Release|Any CPU
		{02BC7905-811C-478C-B722-6C28141DCAE9}.Release|x64.Build.0 = Release|Any CPU
		{02BC7905-811C-478C-B722-6C28141DCAE9}.Release|x86.ActiveCfg = Release|Any CPU
		{02BC7905-811C-478C-B722-6C28141DCAE9}.Release|x86.Build.0 = Release|Any CPU
		{7AB4E10E-E706-4D7D-B96D-8C463D00FDF6}.Debug|Any CPU.ActiveCfg = Debug|Any CPU
		{7AB4E10E-E706-4D7D-B96D-8C463D00FDF6}.Debug|Any CPU.Build.0 = Debug|Any CPU
		{7AB4E10E-E706-4D7D-B96D-8C463D00FDF6}.Debug|x64.ActiveCfg = Debug|Any CPU
		{7AB4E10E-E706-4D7D-B96D-8C463D00FDF6}.Debug|x64.Build.0 = Debug|Any CPU
		{7AB4E10E-E706-4D7D-B96D-8C463D00FDF6}.Debug|x86.ActiveCfg = Debug|Any CPU
		{7AB4E10E-E706-4D7D-B96D-8C463D00FDF6}.Debug|x86.Build.0 = Debug|Any CPU
		{7AB4E10E-E706-4D7D-B96D-8C463D00FDF6}.Release|Any CPU.ActiveCfg = Release|Any CPU
		{7AB4E10E-E706-4D7D-B96D-8C463D00FDF6}.Release|Any CPU.Build.0 = Release|Any CPU
		{7AB4E10E-E706-4D7D-B96D-8C463D00FDF6}.Release|x64.ActiveCfg = Release|Any CPU
		{7AB4E10E-E706-4D7D-B96D-8C463D00FDF6}.Release|x64.Build.0 = Release|Any CPU
		{7AB4E10E-E706-4D7D-B96D-8C463D00FDF6}.Release|x86.ActiveCfg = Release|Any CPU
		{7AB4E10E-E706-4D7D-B96D-8C463D00FDF6}.Release|x86.Build.0 = Release|Any CPU
		{A4988A43-37B0-48CB-97A7-0DC92D3886A6}.Debug|Any CPU.ActiveCfg = Debug|Any CPU
		{A4988A43-37B0-48CB-97A7-0DC92D3886A6}.Debug|Any CPU.Build.0 = Debug|Any CPU
		{A4988A43-37B0-48CB-97A7-0DC92D3886A6}.Debug|x64.ActiveCfg = Debug|Any CPU
		{A4988A43-37B0-48CB-97A7-0DC92D3886A6}.Debug|x64.Build.0 = Debug|Any CPU
		{A4988A43-37B0-48CB-97A7-0DC92D3886A6}.Debug|x86.ActiveCfg = Debug|Any CPU
		{A4988A43-37B0-48CB-97A7-0DC92D3886A6}.Debug|x86.Build.0 = Debug|Any CPU
		{A4988A43-37B0-48CB-97A7-0DC92D3886A6}.Release|Any CPU.ActiveCfg = Release|Any CPU
		{A4988A43-37B0-48CB-97A7-0DC92D3886A6}.Release|Any CPU.Build.0 = Release|Any CPU
		{A4988A43-37B0-48CB-97A7-0DC92D3886A6}.Release|x64.ActiveCfg = Release|Any CPU
		{A4988A43-37B0-48CB-97A7-0DC92D3886A6}.Release|x64.Build.0 = Release|Any CPU
		{A4988A43-37B0-48CB-97A7-0DC92D3886A6}.Release|x86.ActiveCfg = Release|Any CPU
		{A4988A43-37B0-48CB-97A7-0DC92D3886A6}.Release|x86.Build.0 = Release|Any CPU
		{919F71DA-BC0A-4230-819E-587FEF934ECD}.Debug|Any CPU.ActiveCfg = Debug|Any CPU
		{919F71DA-BC0A-4230-819E-587FEF934ECD}.Debug|Any CPU.Build.0 = Debug|Any CPU
		{919F71DA-BC0A-4230-819E-587FEF934ECD}.Debug|x64.ActiveCfg = Debug|Any CPU
		{919F71DA-BC0A-4230-819E-587FEF934ECD}.Debug|x64.Build.0 = Debug|Any CPU
		{919F71DA-BC0A-4230-819E-587FEF934ECD}.Debug|x86.ActiveCfg = Debug|Any CPU
		{919F71DA-BC0A-4230-819E-587FEF934ECD}.Debug|x86.Build.0 = Debug|Any CPU
		{919F71DA-BC0A-4230-819E-587FEF934ECD}.Release|Any CPU.ActiveCfg = Release|Any CPU
		{919F71DA-BC0A-4230-819E-587FEF934ECD}.Release|Any CPU.Build.0 = Release|Any CPU
		{919F71DA-BC0A-4230-819E-587FEF934ECD}.Release|x64.ActiveCfg = Release|Any CPU
		{919F71DA-BC0A-4230-819E-587FEF934ECD}.Release|x64.Build.0 = Release|Any CPU
		{919F71DA-BC0A-4230-819E-587FEF934ECD}.Release|x86.ActiveCfg = Release|Any CPU
		{919F71DA-BC0A-4230-819E-587FEF934ECD}.Release|x86.Build.0 = Release|Any CPU
		{B4BA6298-62AD-441B-B775-D1F020A2725E}.Debug|Any CPU.ActiveCfg = Debug|Any CPU
		{B4BA6298-62AD-441B-B775-D1F020A2725E}.Debug|Any CPU.Build.0 = Debug|Any CPU
		{B4BA6298-62AD-441B-B775-D1F020A2725E}.Debug|x64.ActiveCfg = Debug|Any CPU
		{B4BA6298-62AD-441B-B775-D1F020A2725E}.Debug|x64.Build.0 = Debug|Any CPU
		{B4BA6298-62AD-441B-B775-D1F020A2725E}.Debug|x86.ActiveCfg = Debug|Any CPU
		{B4BA6298-62AD-441B-B775-D1F020A2725E}.Debug|x86.Build.0 = Debug|Any CPU
		{B4BA6298-62AD-441B-B775-D1F020A2725E}.Release|Any CPU.ActiveCfg = Release|Any CPU
		{B4BA6298-62AD-441B-B775-D1F020A2725E}.Release|Any CPU.Build.0 = Release|Any CPU
		{B4BA6298-62AD-441B-B775-D1F020A2725E}.Release|x64.ActiveCfg = Release|Any CPU
		{B4BA6298-62AD-441B-B775-D1F020A2725E}.Release|x64.Build.0 = Release|Any CPU
		{B4BA6298-62AD-441B-B775-D1F020A2725E}.Release|x86.ActiveCfg = Release|Any CPU
		{B4BA6298-62AD-441B-B775-D1F020A2725E}.Release|x86.Build.0 = Release|Any CPU
	EndGlobalSection
	GlobalSection(SolutionProperties) = preSolution
		HideSolutionNode = FALSE
	EndGlobalSection
	GlobalSection(NestedProjects) = preSolution
		{984BB9B3-3FA3-BE33-9484-CAC21695A33C} = {827E0CD3-B72D-47B6-A68D-7590B98EB39B}
		{4C19D3A8-B35E-4EBA-9E00-AFFAB879393B} = {984BB9B3-3FA3-BE33-9484-CAC21695A33C}
		{CFE657CE-A74F-4808-9A67-9615549BBCF3} = {984BB9B3-3FA3-BE33-9484-CAC21695A33C}
		{02BC7905-811C-478C-B722-6C28141DCAE9} = {984BB9B3-3FA3-BE33-9484-CAC21695A33C}
		{7AB4E10E-E706-4D7D-B96D-8C463D00FDF6} = {827E0CD3-B72D-47B6-A68D-7590B98EB39B}
		{C8E42992-5E42-0C2B-DBFE-AA848D06431C} = {827E0CD3-B72D-47B6-A68D-7590B98EB39B}
		{7DA348B5-9681-7436-A640-3B972169BAFB} = {C8E42992-5E42-0C2B-DBFE-AA848D06431C}
		{A4988A43-37B0-48CB-97A7-0DC92D3886A6} = {7DA348B5-9681-7436-A640-3B972169BAFB}
		{4695FFD0-0F29-CFDF-AB1D-8C675D9BAEFE} = {C8E42992-5E42-0C2B-DBFE-AA848D06431C}
		{919F71DA-BC0A-4230-819E-587FEF934ECD} = {4695FFD0-0F29-CFDF-AB1D-8C675D9BAEFE}
		{B4BA6298-62AD-441B-B775-D1F020A2725E} = {984BB9B3-3FA3-BE33-9484-CAC21695A33C}
	EndGlobalSection
EndGlobal
