
Microsoft Visual Studio Solution File, Format Version 12.00
# Visual Studio Version 17
VisualStudioVersion = 17.0.31903.59
MinimumVisualStudioVersion = 10.0.40219.1
Project("{2150E333-8FDC-42A3-9474-1A3956D46DE8}") = "src", "src", "{827E0CD3-B72D-47B6-A68D-7590B98EB39B}"
EndProject
Project("{2150E333-8FDC-42A3-9474-1A3956D46DE8}") = "Services", "Services", "{984BB9B3-3FA3-BE33-9484-CAC21695A33C}"
EndProject
Project("{FAE04EC0-301F-11D3-BF4B-00C04F79EFBC}") = "UsersService", "src\Services\UsersService\UsersService.csproj", "{4C19D3A8-B35E-4EBA-9E00-AFFAB879393B}"
EndProject
Project("{FAE04EC0-301F-11D3-BF4B-00C04F79EFBC}") = "ProductsService", "src\Services\ProductsService\ProductsService.csproj", "{02BC7905-811C-478C-B722-6C28141DCAE9}"
EndProject
Project("{FAE04EC0-301F-11D3-BF4B-00C04F79EFBC}") = "ApiGateway", "src\ApiGateway\ApiGateway.csproj", "{7AB4E10E-E706-4D7D-B96D-8C463D00FDF6}"
EndProject
Project("{2150E333-8FDC-42A3-9474-1A3956D46DE8}") = "Shared", "Shared", "{C8E42992-5E42-0C2B-DBFE-AA848D06431C}"
EndProject
Project("{2150E333-8FDC-42A3-9474-1A3956D46DE8}") = "Contracts", "Contracts", "{7DA348B5-9681-7436-A640-3B972169BAFB}"
EndProject
Project("{FAE04EC0-301F-11D3-BF4B-00C04F79EFBC}") = "Shared.Contracts", "src\Shared\Contracts\Shared.Contracts.csproj", "{A4988A43-37B0-48CB-97A7-0DC92D3886A6}"
EndProject
Project("{2150E333-8FDC-42A3-9474-1A3956D46DE8}") = "Infrastructure", "Infrastructure", "{4695FFD0-0F29-CFDF-AB1D-8C675D9BAEFE}"
EndProject
Project("{FAE04EC0-301F-11D3-BF4B-00C04F79EFBC}") = "Shared.Infrastructure", "src\Shared\Infrastructure\Shared.Infrastructure.csproj", "{919F71DA-BC0A-4230-819E-587FEF934ECD}"
EndProject
Project("{FAE04EC0-301F-11D3-BF4B-00C04F79EFBC}") = "Marketplace.Authentication", "src\Shared\Marketplace.Authentication\Marketplace.Authentication.csproj", "{8B5C6D7E-F9A0-1234-5678-90ABCDEF1234}"
EndProject
Project("{FAE04EC0-301F-11D3-BF4B-00C04F79EFBC}") = "FilesService", "src\Services\FilesService\FilesService.csproj", "{B4BA6298-62AD-441B-B775-D1F020A2725E}"
EndProject
Project("{FAE04EC0-301F-11D3-BF4B-00C04F79EFBC}") = "OrdersServiceNet", "src\Services\OrdersServiceNet\OrdersServiceNet.csproj", "{D2B3C4E5-F6A7-8901-BCDE-F23456789012}"
EndProject
Project("{FAE04EC0-301F-11D3-BF4B-00C04F79EFBC}") = "NotificationsService", "src\Services\NotificationsService\NotificationsService.csproj", "{E3C4D5F6-A7B8-9012-CDEF-345678901234}"
EndProject
Project("{2150E333-8FDC-42A3-9474-1A3956D46DE8}") = "Solution Items", "Solution Items", "{8EC462FD-D22E-90A8-E5CE-7E832BA40C5D}"
	ProjectSection(SolutionItems) = preProject
		chat.md = chat.md
	EndProjectSection
EndProject
Project("{FAE04EC0-301F-11D3-BF4B-00C04F79EFBC}") = "ChatService", "src\Services\ChatService\ChatService.csproj", "{643F2203-ABC0-4CB9-A9F4-149E9BB153C8}"
EndProject
Project("{FAE04EC0-301F-11D3-BF4B-00C04F79EFBC}") = "ContentService", "src\Services\ContentService\ContentService.csproj", "{7D4E5F6A-B8C9-0123-DEF4-56789ABC0DEF}"
EndProject
Global
	GlobalSection(SolutionConfigurationPlatforms) = preSolution
		Debug|Any CPU = Debug|Any CPU
		Debug|x64 = Debug|x64
		Debug|x86 = Debug|x86
		Release|Any CPU = Release|Any CPU
		Release|x64 = Release|x64
		Release|x86 = Release|x86
	EndGlobalSection
	GlobalSection(ProjectConfigurationPlatforms) = postSolution
		{4C19D3A8-B35E-4EBA-9E00-AFFAB879393B}.Debug|Any CPU.ActiveCfg = Debug|Any CPU
		{4C19D3A8-B35E-4EBA-9E00-AFFAB879393B}.Debug|Any CPU.Build.0 = Debug|Any CPU
		{4C19D3A8-B35E-4EBA-9E00-AFFAB879393B}.Debug|x64.ActiveCfg = Debug|Any CPU
		{4C19D3A8-B35E-4EBA-9E00-AFFAB879393B}.Debug|x64.Build.0 = Debug|Any CPU
		{4C19D3A8-B35E-4EBA-9E00-AFFAB879393B}.Debug|x86.ActiveCfg = Debug|Any CPU
		{4C19D3A8-B35E-4EBA-9E00-AFFAB879393B}.Debug|x86.Build.0 = Debug|Any CPU
		{4C19D3A8-B35E-4EBA-9E00-AFFAB879393B}.Release|Any CPU.ActiveCfg = Release|Any CPU
		{4C19D3A8-B35E-4EBA-9E00-AFFAB879393B}.Release|Any CPU.Build.0 = Release|Any CPU
		{4C19D3A8-B35E-4EBA-9E00-AFFAB879393B}.Release|x64.ActiveCfg = Release|Any CPU
		{4C19D3A8-B35E-4EBA-9E00-AFFAB879393B}.Release|x64.Build.0 = Release|Any CPU
		{4C19D3A8-B35E-4EBA-9E00-AFFAB879393B}.Release|x86.ActiveCfg = Release|Any CPU
		{4C19D3A8-B35E-4EBA-9E00-AFFAB879393B}.Release|x86.Build.0 = Release|Any CPU
		{02BC7905-811C-478C-B722-6C28141DCAE9}.Debug|Any CPU.ActiveCfg = Debug|Any CPU
		{02BC7905-811C-478C-B722-6C28141DCAE9}.Debug|Any CPU.Build.0 = Debug|Any CPU
		{02BC7905-811C-478C-B722-6C28141DCAE9}.Debug|x64.ActiveCfg = Debug|Any CPU
		{02BC7905-811C-478C-B722-6C28141DCAE9}.Debug|x64.Build.0 = Debug|Any CPU
		{02BC7905-811C-478C-B722-6C28141DCAE9}.Debug|x86.ActiveCfg = Debug|Any CPU
		{02BC7905-811C-478C-B722-6C28141DCAE9}.Debug|x86.Build.0 = Debug|Any CPU
		{02BC7905-811C-478C-B722-6C28141DCAE9}.Release|Any CPU.ActiveCfg = Release|Any CPU
		{02BC7905-811C-478C-B722-6C28141DCAE9}.Release|Any CPU.Build.0 = Release|Any CPU
		{02BC7905-811C-478C-B722-6C28141DCAE9}.Release|x64.ActiveCfg = Release|Any CPU
		{02BC7905-811C-478C-B722-6C28141DCAE9}.Release|x64.Build.0 = Release|Any CPU
		{02BC7905-811C-478C-B722-6C28141DCAE9}.Release|x86.ActiveCfg = Release|Any CPU
		{02BC7905-811C-478C-B722-6C28141DCAE9}.Release|x86.Build.0 = Release|Any CPU
		{7AB4E10E-E706-4D7D-B96D-8C463D00FDF6}.Debug|Any CPU.ActiveCfg = Debug|Any CPU
		{7AB4E10E-E706-4D7D-B96D-8C463D00FDF6}.Debug|Any CPU.Build.0 = Debug|Any CPU
		{7AB4E10E-E706-4D7D-B96D-8C463D00FDF6}.Debug|x64.ActiveCfg = Debug|Any CPU
		{7AB4E10E-E706-4D7D-B96D-8C463D00FDF6}.Debug|x64.Build.0 = Debug|Any CPU
		{7AB4E10E-E706-4D7D-B96D-8C463D00FDF6}.Debug|x86.ActiveCfg = Debug|Any CPU
		{7AB4E10E-E706-4D7D-B96D-8C463D00FDF6}.Debug|x86.Build.0 = Debug|Any CPU
		{7AB4E10E-E706-4D7D-B96D-8C463D00FDF6}.Release|Any CPU.ActiveCfg = Release|Any CPU
		{7AB4E10E-E706-4D7D-B96D-8C463D00FDF6}.Release|Any CPU.Build.0 = Release|Any CPU
		{7AB4E10E-E706-4D7D-B96D-8C463D00FDF6}.Release|x64.ActiveCfg = Release|Any CPU
		{7AB4E10E-E706-4D7D-B96D-8C463D00FDF6}.Release|x64.Build.0 = Release|Any CPU
		{7AB4E10E-E706-4D7D-B96D-8C463D00FDF6}.Release|x86.ActiveCfg = Release|Any CPU
		{7AB4E10E-E706-4D7D-B96D-8C463D00FDF6}.Release|x86.Build.0 = Release|Any CPU
		{A4988A43-37B0-48CB-97A7-0DC92D3886A6}.Debug|Any CPU.ActiveCfg = Debug|Any CPU
		{A4988A43-37B0-48CB-97A7-0DC92D3886A6}.Debug|Any CPU.Build.0 = Debug|Any CPU
		{A4988A43-37B0-48CB-97A7-0DC92D3886A6}.Debug|x64.ActiveCfg = Debug|Any CPU
		{A4988A43-37B0-48CB-97A7-0DC92D3886A6}.Debug|x64.Build.0 = Debug|Any CPU
		{A4988A43-37B0-48CB-97A7-0DC92D3886A6}.Debug|x86.ActiveCfg = Debug|Any CPU
		{A4988A43-37B0-48CB-97A7-0DC92D3886A6}.Debug|x86.Build.0 = Debug|Any CPU
		{A4988A43-37B0-48CB-97A7-0DC92D3886A6}.Release|Any CPU.ActiveCfg = Release|Any CPU
		{A4988A43-37B0-48CB-97A7-0DC92D3886A6}.Release|Any CPU.Build.0 = Release|Any CPU
		{A4988A43-37B0-48CB-97A7-0DC92D3886A6}.Release|x64.ActiveCfg = Release|Any CPU
		{A4988A43-37B0-48CB-97A7-0DC92D3886A6}.Release|x64.Build.0 = Release|Any CPU
		{A4988A43-37B0-48CB-97A7-0DC92D3886A6}.Release|x86.ActiveCfg = Release|Any CPU
		{A4988A43-37B0-48CB-97A7-0DC92D3886A6}.Release|x86.Build.0 = Release|Any CPU
		{919F71DA-BC0A-4230-819E-587FEF934ECD}.Debug|Any CPU.ActiveCfg = Debug|Any CPU
		{919F71DA-BC0A-4230-819E-587FEF934ECD}.Debug|Any CPU.Build.0 = Debug|Any CPU
		{919F71DA-BC0A-4230-819E-587FEF934ECD}.Debug|x64.ActiveCfg = Debug|Any CPU
		{919F71DA-BC0A-4230-819E-587FEF934ECD}.Debug|x64.Build.0 = Debug|Any CPU
		{919F71DA-BC0A-4230-819E-587FEF934ECD}.Debug|x86.ActiveCfg = Debug|Any CPU
		{919F71DA-BC0A-4230-819E-587FEF934ECD}.Debug|x86.Build.0 = Debug|Any CPU
		{919F71DA-BC0A-4230-819E-587FEF934ECD}.Release|Any CPU.ActiveCfg = Release|Any CPU
		{919F71DA-BC0A-4230-819E-587FEF934ECD}.Release|Any CPU.Build.0 = Release|Any CPU
		{919F71DA-BC0A-4230-819E-587FEF934ECD}.Release|x64.ActiveCfg = Release|Any CPU
		{919F71DA-BC0A-4230-819E-587FEF934ECD}.Release|x64.Build.0 = Release|Any CPU
		{919F71DA-BC0A-4230-819E-587FEF934ECD}.Release|x86.ActiveCfg = Release|Any CPU
		{919F71DA-BC0A-4230-819E-587FEF934ECD}.Release|x86.Build.0 = Release|Any CPU
		{B4BA6298-62AD-441B-B775-D1F020A2725E}.Debug|Any CPU.ActiveCfg = Debug|Any CPU
		{B4BA6298-62AD-441B-B775-D1F020A2725E}.Debug|Any CPU.Build.0 = Debug|Any CPU
		{B4BA6298-62AD-441B-B775-D1F020A2725E}.Debug|x64.ActiveCfg = Debug|Any CPU
		{B4BA6298-62AD-441B-B775-D1F020A2725E}.Debug|x64.Build.0 = Debug|Any CPU
		{B4BA6298-62AD-441B-B775-D1F020A2725E}.Debug|x86.ActiveCfg = Debug|Any CPU
		{B4BA6298-62AD-441B-B775-D1F020A2725E}.Debug|x86.Build.0 = Debug|Any CPU
		{B4BA6298-62AD-441B-B775-D1F020A2725E}.Release|Any CPU.ActiveCfg = Release|Any CPU
		{B4BA6298-62AD-441B-B775-D1F020A2725E}.Release|Any CPU.Build.0 = Release|Any CPU
		{B4BA6298-62AD-441B-B775-D1F020A2725E}.Release|x64.ActiveCfg = Release|Any CPU
		{B4BA6298-62AD-441B-B775-D1F020A2725E}.Release|x64.Build.0 = Release|Any CPU
		{B4BA6298-62AD-441B-B775-D1F020A2725E}.Release|x86.ActiveCfg = Release|Any CPU
		{B4BA6298-62AD-441B-B775-D1F020A2725E}.Release|x86.Build.0 = Release|Any CPU
		{D2B3C4E5-F6A7-8901-BCDE-F23456789012}.Debug|Any CPU.ActiveCfg = Debug|Any CPU
		{D2B3C4E5-F6A7-8901-BCDE-F23456789012}.Debug|Any CPU.Build.0 = Debug|Any CPU
		{D2B3C4E5-F6A7-8901-BCDE-F23456789012}.Debug|x64.ActiveCfg = Debug|Any CPU
		{D2B3C4E5-F6A7-8901-BCDE-F23456789012}.Debug|x64.Build.0 = Debug|Any CPU
		{D2B3C4E5-F6A7-8901-BCDE-F23456789012}.Debug|x86.ActiveCfg = Debug|Any CPU
		{D2B3C4E5-F6A7-8901-BCDE-F23456789012}.Debug|x86.Build.0 = Debug|Any CPU
		{D2B3C4E5-F6A7-8901-BCDE-F23456789012}.Release|Any CPU.ActiveCfg = Release|Any CPU
		{D2B3C4E5-F6A7-8901-BCDE-F23456789012}.Release|Any CPU.Build.0 = Release|Any CPU
		{D2B3C4E5-F6A7-8901-BCDE-F23456789012}.Release|x64.ActiveCfg = Release|Any CPU
		{D2B3C4E5-F6A7-8901-BCDE-F23456789012}.Release|x64.Build.0 = Release|Any CPU
		{D2B3C4E5-F6A7-8901-BCDE-F23456789012}.Release|x86.ActiveCfg = Release|Any CPU
		{D2B3C4E5-F6A7-8901-BCDE-F23456789012}.Release|x86.Build.0 = Release|Any CPU
		{E3C4D5F6-A7B8-9012-CDEF-345678901234}.Debug|Any CPU.ActiveCfg = Debug|Any CPU
		{E3C4D5F6-A7B8-9012-CDEF-345678901234}.Debug|Any CPU.Build.0 = Debug|Any CPU
		{E3C4D5F6-A7B8-9012-CDEF-345678901234}.Debug|x64.ActiveCfg = Debug|Any CPU
		{E3C4D5F6-A7B8-9012-CDEF-345678901234}.Debug|x64.Build.0 = Debug|Any CPU
		{E3C4D5F6-A7B8-9012-CDEF-345678901234}.Debug|x86.ActiveCfg = Debug|Any CPU
		{E3C4D5F6-A7B8-9012-CDEF-345678901234}.Debug|x86.Build.0 = Debug|Any CPU
		{E3C4D5F6-A7B8-9012-CDEF-345678901234}.Release|Any CPU.ActiveCfg = Release|Any CPU
		{E3C4D5F6-A7B8-9012-CDEF-345678901234}.Release|Any CPU.Build.0 = Release|Any CPU
		{E3C4D5F6-A7B8-9012-CDEF-345678901234}.Release|x64.ActiveCfg = Release|Any CPU
		{E3C4D5F6-A7B8-9012-CDEF-345678901234}.Release|x64.Build.0 = Release|Any CPU
		{E3C4D5F6-A7B8-9012-CDEF-345678901234}.Release|x86.ActiveCfg = Release|Any CPU
		{E3C4D5F6-A7B8-9012-CDEF-345678901234}.Release|x86.Build.0 = Release|Any CPU
		{643F2203-ABC0-4CB9-A9F4-149E9BB153C8}.Debug|Any CPU.ActiveCfg = Debug|Any CPU
		{643F2203-ABC0-4CB9-A9F4-149E9BB153C8}.Debug|Any CPU.Build.0 = Debug|Any CPU
		{643F2203-ABC0-4CB9-A9F4-149E9BB153C8}.Debug|x64.ActiveCfg = Debug|Any CPU
		{643F2203-ABC0-4CB9-A9F4-149E9BB153C8}.Debug|x64.Build.0 = Debug|Any CPU
		{643F2203-ABC0-4CB9-A9F4-149E9BB153C8}.Debug|x86.ActiveCfg = Debug|Any CPU
		{643F2203-ABC0-4CB9-A9F4-149E9BB153C8}.Debug|x86.Build.0 = Debug|Any CPU
		{643F2203-ABC0-4CB9-A9F4-149E9BB153C8}.Release|Any CPU.ActiveCfg = Release|Any CPU
		{643F2203-ABC0-4CB9-A9F4-149E9BB153C8}.Release|Any CPU.Build.0 = Release|Any CPU
		{643F2203-ABC0-4CB9-A9F4-149E9BB153C8}.Release|x64.ActiveCfg = Release|Any CPU
		{643F2203-ABC0-4CB9-A9F4-149E9BB153C8}.Release|x64.Build.0 = Release|Any CPU
		{643F2203-ABC0-4CB9-A9F4-149E9BB153C8}.Release|x86.ActiveCfg = Release|Any CPU
		{643F2203-ABC0-4CB9-A9F4-149E9BB153C8}.Release|x86.Build.0 = Release|Any CPU
		{7D4E5F6A-B8C9-0123-DEF4-56789ABC0DEF}.Debug|Any CPU.ActiveCfg = Debug|Any CPU
		{7D4E5F6A-B8C9-0123-DEF4-56789ABC0DEF}.Debug|Any CPU.Build.0 = Debug|Any CPU
		{7D4E5F6A-B8C9-0123-DEF4-56789ABC0DEF}.Debug|x64.ActiveCfg = Debug|Any CPU
		{7D4E5F6A-B8C9-0123-DEF4-56789ABC0DEF}.Debug|x64.Build.0 = Debug|Any CPU
		{7D4E5F6A-B8C9-0123-DEF4-56789ABC0DEF}.Debug|x86.ActiveCfg = Debug|Any CPU
		{7D4E5F6A-B8C9-0123-DEF4-56789ABC0DEF}.Debug|x86.Build.0 = Debug|Any CPU
		{7D4E5F6A-B8C9-0123-DEF4-56789ABC0DEF}.Release|Any CPU.ActiveCfg = Release|Any CPU
		{7D4E5F6A-B8C9-0123-DEF4-56789ABC0DEF}.Release|Any CPU.Build.0 = Release|Any CPU
		{7D4E5F6A-B8C9-0123-DEF4-56789ABC0DEF}.Release|x64.ActiveCfg = Release|Any CPU
		{7D4E5F6A-B8C9-0123-DEF4-56789ABC0DEF}.Release|x64.Build.0 = Release|Any CPU
		{7D4E5F6A-B8C9-0123-DEF4-56789ABC0DEF}.Release|x86.ActiveCfg = Release|Any CPU
		{7D4E5F6A-B8C9-0123-DEF4-56789ABC0DEF}.Release|x86.Build.0 = Release|Any CPU
		{8B5C6D7E-F9A0-1234-5678-90ABCDEF1234}.Debug|Any CPU.ActiveCfg = Debug|Any CPU
		{8B5C6D7E-F9A0-1234-5678-90ABCDEF1234}.Debug|Any CPU.Build.0 = Debug|Any CPU
		{8B5C6D7E-F9A0-1234-5678-90ABCDEF1234}.Debug|x64.ActiveCfg = Debug|Any CPU
		{8B5C6D7E-F9A0-1234-5678-90ABCDEF1234}.Debug|x64.Build.0 = Debug|Any CPU
		{8B5C6D7E-F9A0-1234-5678-90ABCDEF1234}.Debug|x86.ActiveCfg = Debug|Any CPU
		{8B5C6D7E-F9A0-1234-5678-90ABCDEF1234}.Debug|x86.Build.0 = Debug|Any CPU
		{8B5C6D7E-F9A0-1234-5678-90ABCDEF1234}.Release|Any CPU.ActiveCfg = Release|Any CPU
		{8B5C6D7E-F9A0-1234-5678-90ABCDEF1234}.Release|Any CPU.Build.0 = Release|Any CPU
		{8B5C6D7E-F9A0-1234-5678-90ABCDEF1234}.Release|x64.ActiveCfg = Release|Any CPU
		{8B5C6D7E-F9A0-1234-5678-90ABCDEF1234}.Release|x64.Build.0 = Release|Any CPU
		{8B5C6D7E-F9A0-1234-5678-90ABCDEF1234}.Release|x86.ActiveCfg = Release|Any CPU
		{8B5C6D7E-F9A0-1234-5678-90ABCDEF1234}.Release|x86.Build.0 = Release|Any CPU
	EndGlobalSection
	GlobalSection(SolutionProperties) = preSolution
		HideSolutionNode = FALSE
	EndGlobalSection
	GlobalSection(NestedProjects) = preSolution
		{984BB9B3-3FA3-BE33-9484-CAC21695A33C} = {827E0CD3-B72D-47B6-A68D-7590B98EB39B}
		{4C19D3A8-B35E-4EBA-9E00-AFFAB879393B} = {984BB9B3-3FA3-BE33-9484-CAC21695A33C}
		{02BC7905-811C-478C-B722-6C28141DCAE9} = {984BB9B3-3FA3-BE33-9484-CAC21695A33C}
		{7AB4E10E-E706-4D7D-B96D-8C463D00FDF6} = {827E0CD3-B72D-47B6-A68D-7590B98EB39B}
		{C8E42992-5E42-0C2B-DBFE-AA848D06431C} = {827E0CD3-B72D-47B6-A68D-7590B98EB39B}
		{7DA348B5-9681-7436-A640-3B972169BAFB} = {C8E42992-5E42-0C2B-DBFE-AA848D06431C}
		{A4988A43-37B0-48CB-97A7-0DC92D3886A6} = {7DA348B5-9681-7436-A640-3B972169BAFB}
		{4695FFD0-0F29-CFDF-AB1D-8C675D9BAEFE} = {C8E42992-5E42-0C2B-DBFE-AA848D06431C}
		{919F71DA-BC0A-4230-819E-587FEF934ECD} = {4695FFD0-0F29-CFDF-AB1D-8C675D9BAEFE}
		{B4BA6298-62AD-441B-B775-D1F020A2725E} = {984BB9B3-3FA3-BE33-9484-CAC21695A33C}
		{D2B3C4E5-F6A7-8901-BCDE-F23456789012} = {984BB9B3-3FA3-BE33-9484-CAC21695A33C}
		{E3C4D5F6-A7B8-9012-CDEF-345678901234} = {984BB9B3-3FA3-BE33-9484-CAC21695A33C}
		{643F2203-ABC0-4CB9-A9F4-149E9BB153C8} = {984BB9B3-3FA3-BE33-9484-CAC21695A33C}
		{7D4E5F6A-B8C9-0123-DEF4-56789ABC0DEF} = {984BB9B3-3FA3-BE33-9484-CAC21695A33C}
		{8B5C6D7E-F9A0-1234-5678-90ABCDEF1234} = {C8E42992-5E42-0C2B-DBFE-AA848D06431C}
	EndGlobalSection
	GlobalSection(ExtensibilityGlobals) = postSolution
		SolutionGuid = {F1FFA2B4-4348-4D11-A185-471C66991292}
	EndGlobalSection
EndGlobal
